// !$*UTF8*$!
{
	archiveVersion = 1;
	classes = {
	};
	objectVersion = 50;
	objects = {

/* Begin PBXBuildFile section */
		6A1D8654235A8207008C4D75 /* Catalogue.xcdatamodeld in Sources */ = {isa = PBXBuildFile; fileRef = 6A1D8652235A8207008C4D75 /* Catalogue.xcdatamodeld */; };
		6A1D865E235A8BA1008C4D75 /* LogInVC.swift in Sources */ = {isa = PBXBuildFile; fileRef = 6A1D865D235A8BA1008C4D75 /* LogInVC.swift */; };
		6A1D8662235A8C13008C4D75 /* ItemDetailVC.swift in Sources */ = {isa = PBXBuildFile; fileRef = 6A1D8661235A8C13008C4D75 /* ItemDetailVC.swift */; };
		6A1D8667235A8C52008C4D75 /* InventoryCell.swift in Sources */ = {isa = PBXBuildFile; fileRef = 6A1D8666235A8C52008C4D75 /* InventoryCell.swift */; };
		6A1D866B235A8C82008C4D75 /* LogCell.swift in Sources */ = {isa = PBXBuildFile; fileRef = 6A1D866A235A8C82008C4D75 /* LogCell.swift */; };
		6A1D866D235A92E7008C4D75 /* LogDetailVC.swift in Sources */ = {isa = PBXBuildFile; fileRef = 6A1D866C235A92E7008C4D75 /* LogDetailVC.swift */; };
		6A1D8673235A985F008C4D75 /* SettingsVC.swift in Sources */ = {isa = PBXBuildFile; fileRef = 6A1D8672235A985F008C4D75 /* SettingsVC.swift */; };
		6A673A47237D099400E5C477 /* Formatter.swift in Sources */ = {isa = PBXBuildFile; fileRef = 6A673A46237D099400E5C477 /* Formatter.swift */; };
		6A673A63237FB47900E5C477 /* LogEvent.swift in Sources */ = {isa = PBXBuildFile; fileRef = 6A673A62237FB47900E5C477 /* LogEvent.swift */; };
		6A774373236CF6D000E983AB /* CategoryTapGesture.swift in Sources */ = {isa = PBXBuildFile; fileRef = 6A774372236CF6D000E983AB /* CategoryTapGesture.swift */; };
		6A94909F236B7C4C0021FAD8 /* ItemCell.swift in Sources */ = {isa = PBXBuildFile; fileRef = 6A94909E236B7C4C0021FAD8 /* ItemCell.swift */; };
		6AA4FF272367F4CF00CF7649 /* CategoryDetailVC.swift in Sources */ = {isa = PBXBuildFile; fileRef = 6AA4FF262367F4CF00CF7649 /* CategoryDetailVC.swift */; };
		6AA4FF2923688C5C00CF7649 /* InventoryVC.swift in Sources */ = {isa = PBXBuildFile; fileRef = 6AA4FF2823688C5C00CF7649 /* InventoryVC.swift */; };
		6AA4FF2B23688F0300CF7649 /* LogVC.swift in Sources */ = {isa = PBXBuildFile; fileRef = 6AA4FF2A23688F0300CF7649 /* LogVC.swift */; };
		6AE7976523627C5100B9D191 /* NSPersistentContainer.swift in Sources */ = {isa = PBXBuildFile; fileRef = 6AE7976423627C5100B9D191 /* NSPersistentContainer.swift */; };
		6AE7976723627C8800B9D191 /* NSManagedObjectContext.swift in Sources */ = {isa = PBXBuildFile; fileRef = 6AE7976623627C8800B9D191 /* NSManagedObjectContext.swift */; };
		6AE7976C23667C5D00B9D191 /* DBHelper.swift in Sources */ = {isa = PBXBuildFile; fileRef = 6AE7976B23667C5D00B9D191 /* DBHelper.swift */; };
		6AE7976E236731F900B9D191 /* CategoryHeader.swift in Sources */ = {isa = PBXBuildFile; fileRef = 6AE7976D236731F900B9D191 /* CategoryHeader.swift */; };
		6AF9C8FB234E1C3C002BD8BF /* AppDelegate.swift in Sources */ = {isa = PBXBuildFile; fileRef = 6AF9C8FA234E1C3C002BD8BF /* AppDelegate.swift */; };
		6AF9C8FD234E1C3C002BD8BF /* SceneDelegate.swift in Sources */ = {isa = PBXBuildFile; fileRef = 6AF9C8FC234E1C3C002BD8BF /* SceneDelegate.swift */; };
		6AF9C902234E1C3C002BD8BF /* Main.storyboard in Resources */ = {isa = PBXBuildFile; fileRef = 6AF9C900234E1C3C002BD8BF /* Main.storyboard */; };
		6AF9C904234E1C3E002BD8BF /* Assets.xcassets in Resources */ = {isa = PBXBuildFile; fileRef = 6AF9C903234E1C3E002BD8BF /* Assets.xcassets */; };
		6AF9C907234E1C3E002BD8BF /* LaunchScreen.storyboard in Resources */ = {isa = PBXBuildFile; fileRef = 6AF9C905234E1C3E002BD8BF /* LaunchScreen.storyboard */; };
/* End PBXBuildFile section */

/* Begin PBXFileReference section */
		6A1D8653235A8207008C4D75 /* Catalogue.xcdatamodel */ = {isa = PBXFileReference; lastKnownFileType = wrapper.xcdatamodel; path = Catalogue.xcdatamodel; sourceTree = "<group>"; };
		6A1D865D235A8BA1008C4D75 /* LogInVC.swift */ = {isa = PBXFileReference; lastKnownFileType = sourcecode.swift; path = LogInVC.swift; sourceTree = "<group>"; };
		6A1D8661235A8C13008C4D75 /* ItemDetailVC.swift */ = {isa = PBXFileReference; lastKnownFileType = sourcecode.swift; path = ItemDetailVC.swift; sourceTree = "<group>"; };
		6A1D8666235A8C52008C4D75 /* InventoryCell.swift */ = {isa = PBXFileReference; lastKnownFileType = sourcecode.swift; path = InventoryCell.swift; sourceTree = "<group>"; };
		6A1D866A235A8C82008C4D75 /* LogCell.swift */ = {isa = PBXFileReference; lastKnownFileType = sourcecode.swift; path = LogCell.swift; sourceTree = "<group>"; };
		6A1D866C235A92E7008C4D75 /* LogDetailVC.swift */ = {isa = PBXFileReference; lastKnownFileType = sourcecode.swift; path = LogDetailVC.swift; sourceTree = "<group>"; };
		6A1D8672235A985F008C4D75 /* SettingsVC.swift */ = {isa = PBXFileReference; lastKnownFileType = sourcecode.swift; path = SettingsVC.swift; sourceTree = "<group>"; };
		6A673A46237D099400E5C477 /* Formatter.swift */ = {isa = PBXFileReference; lastKnownFileType = sourcecode.swift; path = Formatter.swift; sourceTree = "<group>"; };
		6A673A62237FB47900E5C477 /* LogEvent.swift */ = {isa = PBXFileReference; lastKnownFileType = sourcecode.swift; path = LogEvent.swift; sourceTree = "<group>"; };
		6A774372236CF6D000E983AB /* CategoryTapGesture.swift */ = {isa = PBXFileReference; lastKnownFileType = sourcecode.swift; path = CategoryTapGesture.swift; sourceTree = "<group>"; };
		6A94909E236B7C4C0021FAD8 /* ItemCell.swift */ = {isa = PBXFileReference; lastKnownFileType = sourcecode.swift; path = ItemCell.swift; sourceTree = "<group>"; };
		6AA4FF262367F4CF00CF7649 /* CategoryDetailVC.swift */ = {isa = PBXFileReference; lastKnownFileType = sourcecode.swift; path = CategoryDetailVC.swift; sourceTree = "<group>"; };
		6AA4FF2823688C5C00CF7649 /* InventoryVC.swift */ = {isa = PBXFileReference; lastKnownFileType = sourcecode.swift; path = InventoryVC.swift; sourceTree = "<group>"; };
		6AA4FF2A23688F0300CF7649 /* LogVC.swift */ = {isa = PBXFileReference; lastKnownFileType = sourcecode.swift; path = LogVC.swift; sourceTree = "<group>"; };
		6AE7976423627C5100B9D191 /* NSPersistentContainer.swift */ = {isa = PBXFileReference; lastKnownFileType = sourcecode.swift; path = NSPersistentContainer.swift; sourceTree = "<group>"; };
		6AE7976623627C8800B9D191 /* NSManagedObjectContext.swift */ = {isa = PBXFileReference; lastKnownFileType = sourcecode.swift; path = NSManagedObjectContext.swift; sourceTree = "<group>"; };
		6AE7976B23667C5D00B9D191 /* DBHelper.swift */ = {isa = PBXFileReference; lastKnownFileType = sourcecode.swift; path = DBHelper.swift; sourceTree = "<group>"; };
		6AE7976D236731F900B9D191 /* CategoryHeader.swift */ = {isa = PBXFileReference; lastKnownFileType = sourcecode.swift; path = CategoryHeader.swift; sourceTree = "<group>"; };
		6AF9C8F7234E1C3C002BD8BF /* Catalogue.app */ = {isa = PBXFileReference; explicitFileType = wrapper.application; includeInIndex = 0; path = Catalogue.app; sourceTree = BUILT_PRODUCTS_DIR; };
		6AF9C8FA234E1C3C002BD8BF /* AppDelegate.swift */ = {isa = PBXFileReference; lastKnownFileType = sourcecode.swift; path = AppDelegate.swift; sourceTree = "<group>"; };
		6AF9C8FC234E1C3C002BD8BF /* SceneDelegate.swift */ = {isa = PBXFileReference; lastKnownFileType = sourcecode.swift; path = SceneDelegate.swift; sourceTree = "<group>"; };
		6AF9C901234E1C3C002BD8BF /* Base */ = {isa = PBXFileReference; lastKnownFileType = file.storyboard; name = Base; path = Base.lproj/Main.storyboard; sourceTree = "<group>"; };
		6AF9C903234E1C3E002BD8BF /* Assets.xcassets */ = {isa = PBXFileReference; lastKnownFileType = folder.assetcatalog; path = Assets.xcassets; sourceTree = "<group>"; };
		6AF9C906234E1C3E002BD8BF /* Base */ = {isa = PBXFileReference; lastKnownFileType = file.storyboard; name = Base; path = Base.lproj/LaunchScreen.storyboard; sourceTree = "<group>"; };
		6AF9C908234E1C3E002BD8BF /* Info.plist */ = {isa = PBXFileReference; lastKnownFileType = text.plist.xml; path = Info.plist; sourceTree = "<group>"; };
/* End PBXFileReference section */

/* Begin PBXFrameworksBuildPhase section */
		6AF9C8F4234E1C3C002BD8BF /* Frameworks */ = {
			isa = PBXFrameworksBuildPhase;
			buildActionMask = 2147483647;
			files = (
			);
			runOnlyForDeploymentPostprocessing = 0;
		};
/* End PBXFrameworksBuildPhase section */

/* Begin PBXGroup section */
		6A1D864F235A814A008C4D75 /* ViewControllers */ = {
			isa = PBXGroup;
			children = (
				6A1D865D235A8BA1008C4D75 /* LogInVC.swift */,
				6AA4FF2823688C5C00CF7649 /* InventoryVC.swift */,
				6A1D8661235A8C13008C4D75 /* ItemDetailVC.swift */,
				6AA4FF262367F4CF00CF7649 /* CategoryDetailVC.swift */,
				6A1D866C235A92E7008C4D75 /* LogDetailVC.swift */,
				6AA4FF2A23688F0300CF7649 /* LogVC.swift */,
				6A1D8672235A985F008C4D75 /* SettingsVC.swift */,
			);
			path = ViewControllers;
			sourceTree = "<group>";
		};
		6A1D8665235A8C38008C4D75 /* Views */ = {
			isa = PBXGroup;
			children = (
				6A1D8666235A8C52008C4D75 /* InventoryCell.swift */,
				6A1D866A235A8C82008C4D75 /* LogCell.swift */,
				6AE7976D236731F900B9D191 /* CategoryHeader.swift */,
				6A94909E236B7C4C0021FAD8 /* ItemCell.swift */,
			);
			path = Views;
			sourceTree = "<group>";
		};
		6A774371236CF6B900E983AB /* Custom Classes */ = {
			isa = PBXGroup;
			children = (
				6A774372236CF6D000E983AB /* CategoryTapGesture.swift */,
				6A673A46237D099400E5C477 /* Formatter.swift */,
				6A673A62237FB47900E5C477 /* LogEvent.swift */,
			);
			path = "Custom Classes";
			sourceTree = "<group>";
		};
		6AE7976323627BBF00B9D191 /* CoreData Extensions */ = {
			isa = PBXGroup;
			children = (
				6AE7976423627C5100B9D191 /* NSPersistentContainer.swift */,
				6AE7976623627C8800B9D191 /* NSManagedObjectContext.swift */,
			);
			path = "CoreData Extensions";
			sourceTree = "<group>";
		};
		6AF9C8EE234E1C3C002BD8BF = {
			isa = PBXGroup;
			children = (
				6AF9C8F9234E1C3C002BD8BF /* Catalogue */,
				6AF9C8F8234E1C3C002BD8BF /* Products */,
			);
			sourceTree = "<group>";
		};
		6AF9C8F8234E1C3C002BD8BF /* Products */ = {
			isa = PBXGroup;
			children = (
				6AF9C8F7234E1C3C002BD8BF /* Catalogue.app */,
			);
			name = Products;
			sourceTree = "<group>";
		};
		6AF9C8F9234E1C3C002BD8BF /* Catalogue */ = {
			isa = PBXGroup;
			children = (
				6AF9C8FA234E1C3C002BD8BF /* AppDelegate.swift */,
				6AF9C905234E1C3E002BD8BF /* LaunchScreen.storyboard */,
				6AF9C900234E1C3C002BD8BF /* Main.storyboard */,
				6AF9C8FC234E1C3C002BD8BF /* SceneDelegate.swift */,
				6A1D8652235A8207008C4D75 /* Catalogue.xcdatamodeld */,
				6AF9C908234E1C3E002BD8BF /* Info.plist */,
				6AF9C903234E1C3E002BD8BF /* Assets.xcassets */,
				6A774371236CF6B900E983AB /* Custom Classes */,
				6AE7976323627BBF00B9D191 /* CoreData Extensions */,
				6A1D864F235A814A008C4D75 /* ViewControllers */,
				6A1D8665235A8C38008C4D75 /* Views */,
				6AE7976B23667C5D00B9D191 /* DBHelper.swift */,
			);
			path = Catalogue;
			sourceTree = "<group>";
		};
/* End PBXGroup section */

/* Begin PBXNativeTarget section */
		6AF9C8F6234E1C3C002BD8BF /* Catalogue */ = {
			isa = PBXNativeTarget;
			buildConfigurationList = 6AF9C90B234E1C3E002BD8BF /* Build configuration list for PBXNativeTarget "Catalogue" */;
			buildPhases = (
				6AF9C8F3234E1C3C002BD8BF /* Sources */,
				6AF9C8F4234E1C3C002BD8BF /* Frameworks */,
				6AF9C8F5234E1C3C002BD8BF /* Resources */,
			);
			buildRules = (
			);
			dependencies = (
			);
			name = Catalogue;
			productName = Catalogue;
			productReference = 6AF9C8F7234E1C3C002BD8BF /* Catalogue.app */;
			productType = "com.apple.product-type.application";
		};
/* End PBXNativeTarget section */

/* Begin PBXProject section */
		6AF9C8EF234E1C3C002BD8BF /* Project object */ = {
			isa = PBXProject;
			attributes = {
				LastSwiftUpdateCheck = 1110;
				LastUpgradeCheck = 1110;
				ORGANIZATIONNAME = "Jonathon Bauer";
				TargetAttributes = {
					6AF9C8F6234E1C3C002BD8BF = {
						CreatedOnToolsVersion = 11.1;
					};
				};
			};
			buildConfigurationList = 6AF9C8F2234E1C3C002BD8BF /* Build configuration list for PBXProject "Catalogue" */;
			compatibilityVersion = "Xcode 9.3";
			developmentRegion = en;
			hasScannedForEncodings = 0;
			knownRegions = (
				en,
				Base,
			);
			mainGroup = 6AF9C8EE234E1C3C002BD8BF;
			productRefGroup = 6AF9C8F8234E1C3C002BD8BF /* Products */;
			projectDirPath = "";
			projectRoot = "";
			targets = (
				6AF9C8F6234E1C3C002BD8BF /* Catalogue */,
			);
		};
/* End PBXProject section */

/* Begin PBXResourcesBuildPhase section */
		6AF9C8F5234E1C3C002BD8BF /* Resources */ = {
			isa = PBXResourcesBuildPhase;
			buildActionMask = 2147483647;
			files = (
				6AF9C907234E1C3E002BD8BF /* LaunchScreen.storyboard in Resources */,
				6AF9C904234E1C3E002BD8BF /* Assets.xcassets in Resources */,
				6AF9C902234E1C3C002BD8BF /* Main.storyboard in Resources */,
			);
			runOnlyForDeploymentPostprocessing = 0;
		};
/* End PBXResourcesBuildPhase section */

/* Begin PBXSourcesBuildPhase section */
		6AF9C8F3234E1C3C002BD8BF /* Sources */ = {
			isa = PBXSourcesBuildPhase;
			buildActionMask = 2147483647;
			files = (
				6A1D866B235A8C82008C4D75 /* LogCell.swift in Sources */,
				6A673A47237D099400E5C477 /* Formatter.swift in Sources */,
				6A1D866D235A92E7008C4D75 /* LogDetailVC.swift in Sources */,
				6A774373236CF6D000E983AB /* CategoryTapGesture.swift in Sources */,
				6A1D8654235A8207008C4D75 /* Catalogue.xcdatamodeld in Sources */,
				6A1D8673235A985F008C4D75 /* SettingsVC.swift in Sources */,
				6AE7976E236731F900B9D191 /* CategoryHeader.swift in Sources */,
				6A673A63237FB47900E5C477 /* LogEvent.swift in Sources */,
				6A94909F236B7C4C0021FAD8 /* ItemCell.swift in Sources */,
				6AA4FF2923688C5C00CF7649 /* InventoryVC.swift in Sources */,
				6AE7976523627C5100B9D191 /* NSPersistentContainer.swift in Sources */,
				6AE7976C23667C5D00B9D191 /* DBHelper.swift in Sources */,
				6AF9C8FB234E1C3C002BD8BF /* AppDelegate.swift in Sources */,
				6A1D8667235A8C52008C4D75 /* InventoryCell.swift in Sources */,
				6A1D865E235A8BA1008C4D75 /* LogInVC.swift in Sources */,
				6A1D8662235A8C13008C4D75 /* ItemDetailVC.swift in Sources */,
				6AA4FF272367F4CF00CF7649 /* CategoryDetailVC.swift in Sources */,
				6AF9C8FD234E1C3C002BD8BF /* SceneDelegate.swift in Sources */,
				6AE7976723627C8800B9D191 /* NSManagedObjectContext.swift in Sources */,
				6AA4FF2B23688F0300CF7649 /* LogVC.swift in Sources */,
			);
			runOnlyForDeploymentPostprocessing = 0;
		};
/* End PBXSourcesBuildPhase section */

/* Begin PBXVariantGroup section */
		6AF9C900234E1C3C002BD8BF /* Main.storyboard */ = {
			isa = PBXVariantGroup;
			children = (
				6AF9C901234E1C3C002BD8BF /* Base */,
			);
			name = Main.storyboard;
			sourceTree = "<group>";
		};
		6AF9C905234E1C3E002BD8BF /* LaunchScreen.storyboard */ = {
			isa = PBXVariantGroup;
			children = (
				6AF9C906234E1C3E002BD8BF /* Base */,
			);
			name = LaunchScreen.storyboard;
			sourceTree = "<group>";
		};
/* End PBXVariantGroup section */

/* Begin XCBuildConfiguration section */
		6AF9C909234E1C3E002BD8BF /* Debug */ = {
			isa = XCBuildConfiguration;
			buildSettings = {
				ALWAYS_SEARCH_USER_PATHS = NO;
				CLANG_ANALYZER_NONNULL = YES;
				CLANG_ANALYZER_NUMBER_OBJECT_CONVERSION = YES_AGGRESSIVE;
				CLANG_CXX_LANGUAGE_STANDARD = "gnu++14";
				CLANG_CXX_LIBRARY = "libc++";
				CLANG_ENABLE_MODULES = YES;
				CLANG_ENABLE_OBJC_ARC = YES;
				CLANG_ENABLE_OBJC_WEAK = YES;
				CLANG_WARN_BLOCK_CAPTURE_AUTORELEASING = YES;
				CLANG_WARN_BOOL_CONVERSION = YES;
				CLANG_WARN_COMMA = YES;
				CLANG_WARN_CONSTANT_CONVERSION = YES;
				CLANG_WARN_DEPRECATED_OBJC_IMPLEMENTATIONS = YES;
				CLANG_WARN_DIRECT_OBJC_ISA_USAGE = YES_ERROR;
				CLANG_WARN_DOCUMENTATION_COMMENTS = YES;
				CLANG_WARN_EMPTY_BODY = YES;
				CLANG_WARN_ENUM_CONVERSION = YES;
				CLANG_WARN_INFINITE_RECURSION = YES;
				CLANG_WARN_INT_CONVERSION = YES;
				CLANG_WARN_NON_LITERAL_NULL_CONVERSION = YES;
				CLANG_WARN_OBJC_IMPLICIT_RETAIN_SELF = YES;
				CLANG_WARN_OBJC_LITERAL_CONVERSION = YES;
				CLANG_WARN_OBJC_ROOT_CLASS = YES_ERROR;
				CLANG_WARN_RANGE_LOOP_ANALYSIS = YES;
				CLANG_WARN_STRICT_PROTOTYPES = YES;
				CLANG_WARN_SUSPICIOUS_MOVE = YES;
				CLANG_WARN_UNGUARDED_AVAILABILITY = YES_AGGRESSIVE;
				CLANG_WARN_UNREACHABLE_CODE = YES;
				CLANG_WARN__DUPLICATE_METHOD_MATCH = YES;
				COPY_PHASE_STRIP = NO;
				DEBUG_INFORMATION_FORMAT = dwarf;
				ENABLE_STRICT_OBJC_MSGSEND = YES;
				ENABLE_TESTABILITY = YES;
				GCC_C_LANGUAGE_STANDARD = gnu11;
				GCC_DYNAMIC_NO_PIC = NO;
				GCC_NO_COMMON_BLOCKS = YES;
				GCC_OPTIMIZATION_LEVEL = 0;
				GCC_PREPROCESSOR_DEFINITIONS = (
					"DEBUG=1",
					"$(inherited)",
				);
				GCC_WARN_64_TO_32_BIT_CONVERSION = YES;
				GCC_WARN_ABOUT_RETURN_TYPE = YES_ERROR;
				GCC_WARN_UNDECLARED_SELECTOR = YES;
				GCC_WARN_UNINITIALIZED_AUTOS = YES_AGGRESSIVE;
				GCC_WARN_UNUSED_FUNCTION = YES;
				GCC_WARN_UNUSED_VARIABLE = YES;
				IPHONEOS_DEPLOYMENT_TARGET = 13.1;
				MTL_ENABLE_DEBUG_INFO = INCLUDE_SOURCE;
				MTL_FAST_MATH = YES;
				ONLY_ACTIVE_ARCH = YES;
				SDKROOT = iphoneos;
				SWIFT_ACTIVE_COMPILATION_CONDITIONS = DEBUG;
				SWIFT_OPTIMIZATION_LEVEL = "-Onone";
			};
			name = Debug;
		};
		6AF9C90A234E1C3E002BD8BF /* Release */ = {
			isa = XCBuildConfiguration;
			buildSettings = {
				ALWAYS_SEARCH_USER_PATHS = NO;
				CLANG_ANALYZER_NONNULL = YES;
				CLANG_ANALYZER_NUMBER_OBJECT_CONVERSION = YES_AGGRESSIVE;
				CLANG_CXX_LANGUAGE_STANDARD = "gnu++14";
				CLANG_CXX_LIBRARY = "libc++";
				CLANG_ENABLE_MODULES = YES;
				CLANG_ENABLE_OBJC_ARC = YES;
				CLANG_ENABLE_OBJC_WEAK = YES;
				CLANG_WARN_BLOCK_CAPTURE_AUTORELEASING = YES;
				CLANG_WARN_BOOL_CONVERSION = YES;
				CLANG_WARN_COMMA = YES;
				CLANG_WARN_CONSTANT_CONVERSION = YES;
				CLANG_WARN_DEPRECATED_OBJC_IMPLEMENTATIONS = YES;
				CLANG_WARN_DIRECT_OBJC_ISA_USAGE = YES_ERROR;
				CLANG_WARN_DOCUMENTATION_COMMENTS = YES;
				CLANG_WARN_EMPTY_BODY = YES;
				CLANG_WARN_ENUM_CONVERSION = YES;
				CLANG_WARN_INFINITE_RECURSION = YES;
				CLANG_WARN_INT_CONVERSION = YES;
				CLANG_WARN_NON_LITERAL_NULL_CONVERSION = YES;
				CLANG_WARN_OBJC_IMPLICIT_RETAIN_SELF = YES;
				CLANG_WARN_OBJC_LITERAL_CONVERSION = YES;
				CLANG_WARN_OBJC_ROOT_CLASS = YES_ERROR;
				CLANG_WARN_RANGE_LOOP_ANALYSIS = YES;
				CLANG_WARN_STRICT_PROTOTYPES = YES;
				CLANG_WARN_SUSPICIOUS_MOVE = YES;
				CLANG_WARN_UNGUARDED_AVAILABILITY = YES_AGGRESSIVE;
				CLANG_WARN_UNREACHABLE_CODE = YES;
				CLANG_WARN__DUPLICATE_METHOD_MATCH = YES;
				COPY_PHASE_STRIP = NO;
				DEBUG_INFORMATION_FORMAT = "dwarf-with-dsym";
				ENABLE_NS_ASSERTIONS = NO;
				ENABLE_STRICT_OBJC_MSGSEND = YES;
				GCC_C_LANGUAGE_STANDARD = gnu11;
				GCC_NO_COMMON_BLOCKS = YES;
				GCC_WARN_64_TO_32_BIT_CONVERSION = YES;
				GCC_WARN_ABOUT_RETURN_TYPE = YES_ERROR;
				GCC_WARN_UNDECLARED_SELECTOR = YES;
				GCC_WARN_UNINITIALIZED_AUTOS = YES_AGGRESSIVE;
				GCC_WARN_UNUSED_FUNCTION = YES;
				GCC_WARN_UNUSED_VARIABLE = YES;
				IPHONEOS_DEPLOYMENT_TARGET = 13.1;
				MTL_ENABLE_DEBUG_INFO = NO;
				MTL_FAST_MATH = YES;
				SDKROOT = iphoneos;
				SWIFT_COMPILATION_MODE = wholemodule;
				SWIFT_OPTIMIZATION_LEVEL = "-O";
				VALIDATE_PRODUCT = YES;
			};
			name = Release;
		};
		6AF9C90C234E1C3E002BD8BF /* Debug */ = {
			isa = XCBuildConfiguration;
			buildSettings = {
				ASSETCATALOG_COMPILER_APPICON_NAME = AppIcon;
				CODE_SIGN_STYLE = Automatic;
				DEVELOPMENT_TEAM = 8KLGM6Z5WT;
				INFOPLIST_FILE = Catalogue/Info.plist;
				LD_RUNPATH_SEARCH_PATHS = (
					"$(inherited)",
					"@executable_path/Frameworks",
				);
				PRODUCT_BUNDLE_IDENTIFIER = ca.jonnybauer.Catalogue;
				PRODUCT_NAME = "$(TARGET_NAME)";
				SWIFT_VERSION = 5.0;
				TARGETED_DEVICE_FAMILY = "1,2";
			};
			name = Debug;
		};
		6AF9C90D234E1C3E002BD8BF /* Release */ = {
			isa = XCBuildConfiguration;
			buildSettings = {
				ASSETCATALOG_COMPILER_APPICON_NAME = AppIcon;
				CODE_SIGN_STYLE = Automatic;
				DEVELOPMENT_TEAM = 8KLGM6Z5WT;
				INFOPLIST_FILE = Catalogue/Info.plist;
				LD_RUNPATH_SEARCH_PATHS = (
					"$(inherited)",
					"@executable_path/Frameworks",
				);
				PRODUCT_BUNDLE_IDENTIFIER = ca.jonnybauer.Catalogue;
				PRODUCT_NAME = "$(TARGET_NAME)";
				SWIFT_VERSION = 5.0;
				TARGETED_DEVICE_FAMILY = "1,2";
			};
			name = Release;
		};
/* End XCBuildConfiguration section */

/* Begin XCConfigurationList section */
		6AF9C8F2234E1C3C002BD8BF /* Build configuration list for PBXProject "Catalogue" */ = {
			isa = XCConfigurationList;
			buildConfigurations = (
				6AF9C909234E1C3E002BD8BF /* Debug */,
				6AF9C90A234E1C3E002BD8BF /* Release */,
			);
			defaultConfigurationIsVisible = 0;
			defaultConfigurationName = Release;
		};
		6AF9C90B234E1C3E002BD8BF /* Build configuration list for PBXNativeTarget "Catalogue" */ = {
			isa = XCConfigurationList;
			buildConfigurations = (
				6AF9C90C234E1C3E002BD8BF /* Debug */,
				6AF9C90D234E1C3E002BD8BF /* Release */,
			);
			defaultConfigurationIsVisible = 0;
			defaultConfigurationName = Release;
		};
/* End XCConfigurationList section */

/* Begin XCVersionGroup section */
		6A1D8652235A8207008C4D75 /* Catalogue.xcdatamodeld */ = {
			isa = XCVersionGroup;
			children = (
				6A1D8653235A8207008C4D75 /* Catalogue.xcdatamodel */,
			);
			currentVersion = 6A1D8653235A8207008C4D75 /* Catalogue.xcdatamodel */;
			path = Catalogue.xcdatamodeld;
			sourceTree = "<group>";
			versionGroupType = wrapper.xcdatamodel;
		};
/* End XCVersionGroup section */
	};
	rootObject = 6AF9C8EF234E1C3C002BD8BF /* Project object */;
}
